// !$*UTF8*$!
{
	archiveVersion = 1;
	classes = {
	};
	objectVersion = 46;
	objects = {

/* Begin PBXBuildFile section */
		3AE2BE6583761D74FF3B6D9F /* Pods_Pokedex_Developer.framework in Frameworks */ = {isa = PBXBuildFile; fileRef = 3AA7EBB5D65A564A302815E6 /* Pods_Pokedex_Developer.framework */; };
		5B2EED301F3A3B42008806BA /* Ability.swift in Sources */ = {isa = PBXBuildFile; fileRef = 5B2EED2F1F3A3B42008806BA /* Ability.swift */; };
		5B2EED311F3A3D0C008806BA /* Ability.swift in Sources */ = {isa = PBXBuildFile; fileRef = 5B2EED2F1F3A3B42008806BA /* Ability.swift */; };
		5B2EED331F3A3DD7008806BA /* Status.swift in Sources */ = {isa = PBXBuildFile; fileRef = 5B2EED321F3A3DD7008806BA /* Status.swift */; };
		5B2EED341F3A3DD7008806BA /* Status.swift in Sources */ = {isa = PBXBuildFile; fileRef = 5B2EED321F3A3DD7008806BA /* Status.swift */; };
		5B2EED361F3A3EF5008806BA /* Type.swift in Sources */ = {isa = PBXBuildFile; fileRef = 5B2EED351F3A3EF5008806BA /* Type.swift */; };
		5B2EED371F3A3EF5008806BA /* Type.swift in Sources */ = {isa = PBXBuildFile; fileRef = 5B2EED351F3A3EF5008806BA /* Type.swift */; };
		5B2EED391F3A3F94008806BA /* Move.swift in Sources */ = {isa = PBXBuildFile; fileRef = 5B2EED381F3A3F94008806BA /* Move.swift */; };
		5B2EED3A1F3A3F94008806BA /* Move.swift in Sources */ = {isa = PBXBuildFile; fileRef = 5B2EED381F3A3F94008806BA /* Move.swift */; };
		5B857A791F3B559A006748A5 /* EmptyScreen.xib in Resources */ = {isa = PBXBuildFile; fileRef = 5B857A781F3B559A006748A5 /* EmptyScreen.xib */; };
		5B857A7A1F3B559A006748A5 /* EmptyScreen.xib in Resources */ = {isa = PBXBuildFile; fileRef = 5B857A781F3B559A006748A5 /* EmptyScreen.xib */; };
		5B8E5BC71F3CE6F4001A4222 /* PokemonCollectionViewCell.swift in Sources */ = {isa = PBXBuildFile; fileRef = 5B8E5BC61F3CE6F4001A4222 /* PokemonCollectionViewCell.swift */; };
		5B8E5BC81F3CE6F4001A4222 /* PokemonCollectionViewCell.swift in Sources */ = {isa = PBXBuildFile; fileRef = 5B8E5BC61F3CE6F4001A4222 /* PokemonCollectionViewCell.swift */; };
		5B8E5BCA1F3DCA7A001A4222 /* UIImageView+LoadImage.swift in Sources */ = {isa = PBXBuildFile; fileRef = 5B8E5BC91F3DCA7A001A4222 /* UIImageView+LoadImage.swift */; };
		5B8E5BCB1F3DCA7A001A4222 /* UIImageView+LoadImage.swift in Sources */ = {isa = PBXBuildFile; fileRef = 5B8E5BC91F3DCA7A001A4222 /* UIImageView+LoadImage.swift */; };
		5B8E5BCD1F3DEFCD001A4222 /* PokemonCollectionViewFlowLayout.swift in Sources */ = {isa = PBXBuildFile; fileRef = 5B8E5BCC1F3DEFCD001A4222 /* PokemonCollectionViewFlowLayout.swift */; };
		5B8E5BCE1F3DEFCD001A4222 /* PokemonCollectionViewFlowLayout.swift in Sources */ = {isa = PBXBuildFile; fileRef = 5B8E5BCC1F3DEFCD001A4222 /* PokemonCollectionViewFlowLayout.swift */; };
		5BC212991F3216AF002D51B7 /* AppDelegate.swift in Sources */ = {isa = PBXBuildFile; fileRef = 5BC212981F3216AF002D51B7 /* AppDelegate.swift */; };
		5BC2129B1F3216AF002D51B7 /* PokemonViewController.swift in Sources */ = {isa = PBXBuildFile; fileRef = 5BC2129A1F3216AF002D51B7 /* PokemonViewController.swift */; };
		5BC2129E1F3216AF002D51B7 /* Pokemon.storyboard in Resources */ = {isa = PBXBuildFile; fileRef = 5BC2129C1F3216AF002D51B7 /* Pokemon.storyboard */; };
		5BC212A31F3216AF002D51B7 /* LaunchScreen.storyboard in Resources */ = {isa = PBXBuildFile; fileRef = 5BC212A11F3216AF002D51B7 /* LaunchScreen.storyboard */; };
		5BC212AE1F3216AF002D51B7 /* PokedexTests.swift in Sources */ = {isa = PBXBuildFile; fileRef = 5BC212AD1F3216AF002D51B7 /* PokedexTests.swift */; };
		5BC212B91F3216AF002D51B7 /* PokedexUITests.swift in Sources */ = {isa = PBXBuildFile; fileRef = 5BC212B81F3216AF002D51B7 /* PokedexUITests.swift */; };
		5BC212C81F3216CF002D51B7 /* PokemonViewController.swift in Sources */ = {isa = PBXBuildFile; fileRef = 5BC2129A1F3216AF002D51B7 /* PokemonViewController.swift */; };
		5BC212C91F3216CF002D51B7 /* AppDelegate.swift in Sources */ = {isa = PBXBuildFile; fileRef = 5BC212981F3216AF002D51B7 /* AppDelegate.swift */; };
		5BC212CC1F3216CF002D51B7 /* LaunchScreen.storyboard in Resources */ = {isa = PBXBuildFile; fileRef = 5BC212A11F3216AF002D51B7 /* LaunchScreen.storyboard */; };
		5BC212CE1F3216CF002D51B7 /* Pokemon.storyboard in Resources */ = {isa = PBXBuildFile; fileRef = 5BC2129C1F3216AF002D51B7 /* Pokemon.storyboard */; };
		5BC637BC1F3C89F300D565CC /* pokemon.ttf in Resources */ = {isa = PBXBuildFile; fileRef = 5BF68F2F1F3B922500FB136F /* pokemon.ttf */; };
		5BC637BD1F3C89F400D565CC /* pokemon.ttf in Resources */ = {isa = PBXBuildFile; fileRef = 5BF68F2F1F3B922500FB136F /* pokemon.ttf */; };
		5BC637BE1F3C89F700D565CC /* Assets.xcassets in Resources */ = {isa = PBXBuildFile; fileRef = 5B75726D1F3B9F8700C2661F /* Assets.xcassets */; };
		5BC637BF1F3C89F700D565CC /* Assets.xcassets in Resources */ = {isa = PBXBuildFile; fileRef = 5B75726D1F3B9F8700C2661F /* Assets.xcassets */; };
		5BDEF9741F3B32E6009FB80E /* PokedexList.swift in Sources */ = {isa = PBXBuildFile; fileRef = 5BDEF9731F3B32E6009FB80E /* PokedexList.swift */; };
		5BE4DCDF1F3B34EE007237E5 /* PokedexItem.swift in Sources */ = {isa = PBXBuildFile; fileRef = 5BE4DCDE1F3B34EE007237E5 /* PokedexItem.swift */; };
		5BE4DCE01F3B34EE007237E5 /* PokedexItem.swift in Sources */ = {isa = PBXBuildFile; fileRef = 5BE4DCDE1F3B34EE007237E5 /* PokedexItem.swift */; };
		5BE4DCE11F3B34F0007237E5 /* PokedexList.swift in Sources */ = {isa = PBXBuildFile; fileRef = 5BDEF9731F3B32E6009FB80E /* PokedexList.swift */; };
		5BECD8A21F34ADF000018802 /* Pokemon.swift in Sources */ = {isa = PBXBuildFile; fileRef = 5BECD8A11F34ADF000018802 /* Pokemon.swift */; };
		5BECD8A31F34ADF000018802 /* Pokemon.swift in Sources */ = {isa = PBXBuildFile; fileRef = 5BECD8A11F34ADF000018802 /* Pokemon.swift */; };
		5BECD8A61F34F9DD00018802 /* PokemonAPIService.swift in Sources */ = {isa = PBXBuildFile; fileRef = 5BECD8A51F34F9DD00018802 /* PokemonAPIService.swift */; };
		5BECD8A71F34F9DD00018802 /* PokemonAPIService.swift in Sources */ = {isa = PBXBuildFile; fileRef = 5BECD8A51F34F9DD00018802 /* PokemonAPIService.swift */; };
		5BECD8AB1F3503FA00018802 /* PokemonContract.swift in Sources */ = {isa = PBXBuildFile; fileRef = 5BECD8AA1F3503FA00018802 /* PokemonContract.swift */; };
		5BECD8AD1F38B25700018802 /* PokemonContract.swift in Sources */ = {isa = PBXBuildFile; fileRef = 5BECD8AA1F3503FA00018802 /* PokemonContract.swift */; };
		5BECD8AF1F38CDFB00018802 /* PokemonPresenter.swift in Sources */ = {isa = PBXBuildFile; fileRef = 5BECD8AE1F38CDFB00018802 /* PokemonPresenter.swift */; };
		5BECD8B01F38CDFB00018802 /* PokemonPresenter.swift in Sources */ = {isa = PBXBuildFile; fileRef = 5BECD8AE1F38CDFB00018802 /* PokemonPresenter.swift */; };
		5BECD8B21F38CE7D00018802 /* PokemonInteractor.swift in Sources */ = {isa = PBXBuildFile; fileRef = 5BECD8B11F38CE7D00018802 /* PokemonInteractor.swift */; };
		5BECD8B31F38CE7D00018802 /* PokemonInteractor.swift in Sources */ = {isa = PBXBuildFile; fileRef = 5BECD8B11F38CE7D00018802 /* PokemonInteractor.swift */; };
		5BECD8B51F38CE9A00018802 /* PokemonRouter.swift in Sources */ = {isa = PBXBuildFile; fileRef = 5BECD8B41F38CE9A00018802 /* PokemonRouter.swift */; };
		5BECD8B61F38CE9A00018802 /* PokemonRouter.swift in Sources */ = {isa = PBXBuildFile; fileRef = 5BECD8B41F38CE9A00018802 /* PokemonRouter.swift */; };
		5BECD8B91F38CF4700018802 /* PokemonDetailViewController.swift in Sources */ = {isa = PBXBuildFile; fileRef = 5BECD8B81F38CF4700018802 /* PokemonDetailViewController.swift */; };
		5BECD8BA1F38CF4700018802 /* PokemonDetailViewController.swift in Sources */ = {isa = PBXBuildFile; fileRef = 5BECD8B81F38CF4700018802 /* PokemonDetailViewController.swift */; };
		5BECD8BC1F38D14C00018802 /* PokemonDetailPresenter.swift in Sources */ = {isa = PBXBuildFile; fileRef = 5BECD8BB1F38D14C00018802 /* PokemonDetailPresenter.swift */; };
		5BECD8BD1F38D14C00018802 /* PokemonDetailPresenter.swift in Sources */ = {isa = PBXBuildFile; fileRef = 5BECD8BB1F38D14C00018802 /* PokemonDetailPresenter.swift */; };
		5BECD8BF1F38D17200018802 /* PokemonDetailContract.swift in Sources */ = {isa = PBXBuildFile; fileRef = 5BECD8BE1F38D17200018802 /* PokemonDetailContract.swift */; };
		5BECD8C01F38D17200018802 /* PokemonDetailContract.swift in Sources */ = {isa = PBXBuildFile; fileRef = 5BECD8BE1F38D17200018802 /* PokemonDetailContract.swift */; };
		5BECD8C21F38D18200018802 /* PokemonDetailInteractor.swift in Sources */ = {isa = PBXBuildFile; fileRef = 5BECD8C11F38D18200018802 /* PokemonDetailInteractor.swift */; };
		5BECD8C31F38D18200018802 /* PokemonDetailInteractor.swift in Sources */ = {isa = PBXBuildFile; fileRef = 5BECD8C11F38D18200018802 /* PokemonDetailInteractor.swift */; };
		5BECD8C51F38D19700018802 /* PokemonDetailRouter.swift in Sources */ = {isa = PBXBuildFile; fileRef = 5BECD8C41F38D19700018802 /* PokemonDetailRouter.swift */; };
		5BECD8C61F38D19700018802 /* PokemonDetailRouter.swift in Sources */ = {isa = PBXBuildFile; fileRef = 5BECD8C41F38D19700018802 /* PokemonDetailRouter.swift */; };
		5BF68F291F3B864700FB136F /* Sprites.swift in Sources */ = {isa = PBXBuildFile; fileRef = 5BF68F281F3B864700FB136F /* Sprites.swift */; };
		5BF68F2A1F3B864900FB136F /* Sprites.swift in Sources */ = {isa = PBXBuildFile; fileRef = 5BF68F281F3B864700FB136F /* Sprites.swift */; };
		CFEB44E83884248039C337E1 /* Pods_Pokedex_Production.framework in Frameworks */ = {isa = PBXBuildFile; fileRef = BF5D75F8CF2C6A56EDE2F120 /* Pods_Pokedex_Production.framework */; };
/* End PBXBuildFile section */

/* Begin PBXContainerItemProxy section */
		5BC212AA1F3216AF002D51B7 /* PBXContainerItemProxy */ = {
			isa = PBXContainerItemProxy;
			containerPortal = 5BC2128D1F3216AF002D51B7 /* Project object */;
			proxyType = 1;
			remoteGlobalIDString = 5BC212941F3216AF002D51B7;
			remoteInfo = Pokedex;
		};
		5BC212B51F3216AF002D51B7 /* PBXContainerItemProxy */ = {
			isa = PBXContainerItemProxy;
			containerPortal = 5BC2128D1F3216AF002D51B7 /* Project object */;
			proxyType = 1;
			remoteGlobalIDString = 5BC212941F3216AF002D51B7;
			remoteInfo = Pokedex;
		};
/* End PBXContainerItemProxy section */

/* Begin PBXFileReference section */
		061F7D7FF7758A05478F2110 /* Pods-Pokedex Production.release.xcconfig */ = {isa = PBXFileReference; includeInIndex = 1; lastKnownFileType = text.xcconfig; name = "Pods-Pokedex Production.release.xcconfig"; path = "Pods/Target Support Files/Pods-Pokedex Production/Pods-Pokedex Production.release.xcconfig"; sourceTree = "<group>"; };
		162A33039BD36D58C823B475 /* Pods-Pokedex Developer.release.xcconfig */ = {isa = PBXFileReference; includeInIndex = 1; lastKnownFileType = text.xcconfig; name = "Pods-Pokedex Developer.release.xcconfig"; path = "Pods/Target Support Files/Pods-Pokedex Developer/Pods-Pokedex Developer.release.xcconfig"; sourceTree = "<group>"; };
		3AA7EBB5D65A564A302815E6 /* Pods_Pokedex_Developer.framework */ = {isa = PBXFileReference; explicitFileType = wrapper.framework; includeInIndex = 0; path = Pods_Pokedex_Developer.framework; sourceTree = BUILT_PRODUCTS_DIR; };
		5B2EED2F1F3A3B42008806BA /* Ability.swift */ = {isa = PBXFileReference; lastKnownFileType = sourcecode.swift; path = Ability.swift; sourceTree = "<group>"; };
		5B2EED321F3A3DD7008806BA /* Status.swift */ = {isa = PBXFileReference; lastKnownFileType = sourcecode.swift; path = Status.swift; sourceTree = "<group>"; };
		5B2EED351F3A3EF5008806BA /* Type.swift */ = {isa = PBXFileReference; lastKnownFileType = sourcecode.swift; path = Type.swift; sourceTree = "<group>"; };
		5B2EED381F3A3F94008806BA /* Move.swift */ = {isa = PBXFileReference; lastKnownFileType = sourcecode.swift; path = Move.swift; sourceTree = "<group>"; };
		5B75726D1F3B9F8700C2661F /* Assets.xcassets */ = {isa = PBXFileReference; lastKnownFileType = folder.assetcatalog; name = Assets.xcassets; path = "Pokedex/Support Files/Resources/Assets.xcassets"; sourceTree = SOURCE_ROOT; };
		5B75BDD81F39F9D400B22466 /* Alamofire.framework */ = {isa = PBXFileReference; lastKnownFileType = wrapper.framework; name = Alamofire.framework; path = "../../Library/Developer/Xcode/DerivedData/Pokedex-btzeuhdfcafmjleyqktonlpyswnv/Build/Products/Debug-iphonesimulator/Alamofire/Alamofire.framework"; sourceTree = "<group>"; };
		5B857A781F3B559A006748A5 /* EmptyScreen.xib */ = {isa = PBXFileReference; fileEncoding = 4; lastKnownFileType = file.xib; path = EmptyScreen.xib; sourceTree = "<group>"; };
		5B8E5BC61F3CE6F4001A4222 /* PokemonCollectionViewCell.swift */ = {isa = PBXFileReference; lastKnownFileType = sourcecode.swift; path = PokemonCollectionViewCell.swift; sourceTree = "<group>"; };
		5B8E5BC91F3DCA7A001A4222 /* UIImageView+LoadImage.swift */ = {isa = PBXFileReference; lastKnownFileType = sourcecode.swift; path = "UIImageView+LoadImage.swift"; sourceTree = "<group>"; };
		5B8E5BCC1F3DEFCD001A4222 /* PokemonCollectionViewFlowLayout.swift */ = {isa = PBXFileReference; lastKnownFileType = sourcecode.swift; path = PokemonCollectionViewFlowLayout.swift; sourceTree = "<group>"; };
		5BC212951F3216AF002D51B7 /* Pokedex Production.app */ = {isa = PBXFileReference; explicitFileType = wrapper.application; includeInIndex = 0; path = "Pokedex Production.app"; sourceTree = BUILT_PRODUCTS_DIR; };
		5BC212981F3216AF002D51B7 /* AppDelegate.swift */ = {isa = PBXFileReference; lastKnownFileType = sourcecode.swift; path = AppDelegate.swift; sourceTree = "<group>"; };
		5BC2129A1F3216AF002D51B7 /* PokemonViewController.swift */ = {isa = PBXFileReference; lastKnownFileType = sourcecode.swift; path = PokemonViewController.swift; sourceTree = "<group>"; };
		5BC2129D1F3216AF002D51B7 /* Base */ = {isa = PBXFileReference; lastKnownFileType = file.storyboard; name = Base; path = Base.lproj/Pokemon.storyboard; sourceTree = "<group>"; };
		5BC212A21F3216AF002D51B7 /* Base */ = {isa = PBXFileReference; lastKnownFileType = file.storyboard; name = Base; path = Base.lproj/LaunchScreen.storyboard; sourceTree = "<group>"; };
		5BC212A91F3216AF002D51B7 /* PokedexTests.xctest */ = {isa = PBXFileReference; explicitFileType = wrapper.cfbundle; includeInIndex = 0; path = PokedexTests.xctest; sourceTree = BUILT_PRODUCTS_DIR; };
		5BC212AD1F3216AF002D51B7 /* PokedexTests.swift */ = {isa = PBXFileReference; lastKnownFileType = sourcecode.swift; path = PokedexTests.swift; sourceTree = "<group>"; };
		5BC212AF1F3216AF002D51B7 /* Info.plist */ = {isa = PBXFileReference; lastKnownFileType = text.plist.xml; path = Info.plist; sourceTree = "<group>"; };
		5BC212B41F3216AF002D51B7 /* PokedexUITests.xctest */ = {isa = PBXFileReference; explicitFileType = wrapper.cfbundle; includeInIndex = 0; path = PokedexUITests.xctest; sourceTree = BUILT_PRODUCTS_DIR; };
		5BC212B81F3216AF002D51B7 /* PokedexUITests.swift */ = {isa = PBXFileReference; lastKnownFileType = sourcecode.swift; path = PokedexUITests.swift; sourceTree = "<group>"; };
		5BC212BA1F3216AF002D51B7 /* Info.plist */ = {isa = PBXFileReference; lastKnownFileType = text.plist.xml; path = Info.plist; sourceTree = "<group>"; };
		5BC212D21F3216CF002D51B7 /* Pokedex Developer.app */ = {isa = PBXFileReference; explicitFileType = wrapper.application; includeInIndex = 0; path = "Pokedex Developer.app"; sourceTree = BUILT_PRODUCTS_DIR; };
		5BC212DA1F321D76002D51B7 /* Pokedex-Developer-Info.plist */ = {isa = PBXFileReference; fileEncoding = 4; lastKnownFileType = text.plist.xml; path = "Pokedex-Developer-Info.plist"; sourceTree = "<group>"; };
		5BC212DC1F321D7F002D51B7 /* Pokedex-Production-Info.plist */ = {isa = PBXFileReference; fileEncoding = 4; lastKnownFileType = text.plist.xml; path = "Pokedex-Production-Info.plist"; sourceTree = "<group>"; };
		5BDEF9731F3B32E6009FB80E /* PokedexList.swift */ = {isa = PBXFileReference; fileEncoding = 4; lastKnownFileType = sourcecode.swift; path = PokedexList.swift; sourceTree = "<group>"; };
		5BE4DCDE1F3B34EE007237E5 /* PokedexItem.swift */ = {isa = PBXFileReference; fileEncoding = 4; lastKnownFileType = sourcecode.swift; path = PokedexItem.swift; sourceTree = "<group>"; };
		5BECD8A11F34ADF000018802 /* Pokemon.swift */ = {isa = PBXFileReference; fileEncoding = 4; lastKnownFileType = sourcecode.swift; path = Pokemon.swift; sourceTree = "<group>"; };
		5BECD8A51F34F9DD00018802 /* PokemonAPIService.swift */ = {isa = PBXFileReference; fileEncoding = 4; lastKnownFileType = sourcecode.swift; path = PokemonAPIService.swift; sourceTree = "<group>"; };
		5BECD8AA1F3503FA00018802 /* PokemonContract.swift */ = {isa = PBXFileReference; fileEncoding = 4; lastKnownFileType = sourcecode.swift; path = PokemonContract.swift; sourceTree = "<group>"; };
		5BECD8AE1F38CDFB00018802 /* PokemonPresenter.swift */ = {isa = PBXFileReference; fileEncoding = 4; lastKnownFileType = sourcecode.swift; path = PokemonPresenter.swift; sourceTree = "<group>"; };
		5BECD8B11F38CE7D00018802 /* PokemonInteractor.swift */ = {isa = PBXFileReference; fileEncoding = 4; lastKnownFileType = sourcecode.swift; path = PokemonInteractor.swift; sourceTree = "<group>"; };
		5BECD8B41F38CE9A00018802 /* PokemonRouter.swift */ = {isa = PBXFileReference; fileEncoding = 4; lastKnownFileType = sourcecode.swift; path = PokemonRouter.swift; sourceTree = "<group>"; };
		5BECD8B81F38CF4700018802 /* PokemonDetailViewController.swift */ = {isa = PBXFileReference; fileEncoding = 4; lastKnownFileType = sourcecode.swift; path = PokemonDetailViewController.swift; sourceTree = "<group>"; };
		5BECD8BB1F38D14C00018802 /* PokemonDetailPresenter.swift */ = {isa = PBXFileReference; fileEncoding = 4; lastKnownFileType = sourcecode.swift; path = PokemonDetailPresenter.swift; sourceTree = "<group>"; };
		5BECD8BE1F38D17200018802 /* PokemonDetailContract.swift */ = {isa = PBXFileReference; fileEncoding = 4; lastKnownFileType = sourcecode.swift; path = PokemonDetailContract.swift; sourceTree = "<group>"; };
		5BECD8C11F38D18200018802 /* PokemonDetailInteractor.swift */ = {isa = PBXFileReference; fileEncoding = 4; lastKnownFileType = sourcecode.swift; path = PokemonDetailInteractor.swift; sourceTree = "<group>"; };
		5BECD8C41F38D19700018802 /* PokemonDetailRouter.swift */ = {isa = PBXFileReference; fileEncoding = 4; lastKnownFileType = sourcecode.swift; path = PokemonDetailRouter.swift; sourceTree = "<group>"; };
		5BF68F281F3B864700FB136F /* Sprites.swift */ = {isa = PBXFileReference; lastKnownFileType = sourcecode.swift; path = Sprites.swift; sourceTree = "<group>"; };
		5BF68F2F1F3B922500FB136F /* pokemon.ttf */ = {isa = PBXFileReference; lastKnownFileType = file; path = pokemon.ttf; sourceTree = "<group>"; };
		7088C086FC3019FC77574296 /* Pods-Pokedex Production.debug.xcconfig */ = {isa = PBXFileReference; includeInIndex = 1; lastKnownFileType = text.xcconfig; name = "Pods-Pokedex Production.debug.xcconfig"; path = "Pods/Target Support Files/Pods-Pokedex Production/Pods-Pokedex Production.debug.xcconfig"; sourceTree = "<group>"; };
		7FAD6DB8CFB610C3F99E3044 /* Pods-Pokedex Developer.debug.xcconfig */ = {isa = PBXFileReference; includeInIndex = 1; lastKnownFileType = text.xcconfig; name = "Pods-Pokedex Developer.debug.xcconfig"; path = "Pods/Target Support Files/Pods-Pokedex Developer/Pods-Pokedex Developer.debug.xcconfig"; sourceTree = "<group>"; };
		BF5D75F8CF2C6A56EDE2F120 /* Pods_Pokedex_Production.framework */ = {isa = PBXFileReference; explicitFileType = wrapper.framework; includeInIndex = 0; path = Pods_Pokedex_Production.framework; sourceTree = BUILT_PRODUCTS_DIR; };
/* End PBXFileReference section */

/* Begin PBXFrameworksBuildPhase section */
		5BC212921F3216AF002D51B7 /* Frameworks */ = {
			isa = PBXFrameworksBuildPhase;
			buildActionMask = 2147483647;
			files = (
				CFEB44E83884248039C337E1 /* Pods_Pokedex_Production.framework in Frameworks */,
			);
			runOnlyForDeploymentPostprocessing = 0;
		};
		5BC212A61F3216AF002D51B7 /* Frameworks */ = {
			isa = PBXFrameworksBuildPhase;
			buildActionMask = 2147483647;
			files = (
			);
			runOnlyForDeploymentPostprocessing = 0;
		};
		5BC212B11F3216AF002D51B7 /* Frameworks */ = {
			isa = PBXFrameworksBuildPhase;
			buildActionMask = 2147483647;
			files = (
			);
			runOnlyForDeploymentPostprocessing = 0;
		};
		5BC212CA1F3216CF002D51B7 /* Frameworks */ = {
			isa = PBXFrameworksBuildPhase;
			buildActionMask = 2147483647;
			files = (
				3AE2BE6583761D74FF3B6D9F /* Pods_Pokedex_Developer.framework in Frameworks */,
			);
			runOnlyForDeploymentPostprocessing = 0;
		};
/* End PBXFrameworksBuildPhase section */

/* Begin PBXGroup section */
		078FCF6A2C4117EC37779E66 /* Pods */ = {
			isa = PBXGroup;
			children = (
				7FAD6DB8CFB610C3F99E3044 /* Pods-Pokedex Developer.debug.xcconfig */,
				162A33039BD36D58C823B475 /* Pods-Pokedex Developer.release.xcconfig */,
				7088C086FC3019FC77574296 /* Pods-Pokedex Production.debug.xcconfig */,
				061F7D7FF7758A05478F2110 /* Pods-Pokedex Production.release.xcconfig */,
			);
			name = Pods;
			sourceTree = "<group>";
		};
		5B67C0C01F3E280B003C9DBC /* CollectionView */ = {
			isa = PBXGroup;
			children = (
				5B8E5BC61F3CE6F4001A4222 /* PokemonCollectionViewCell.swift */,
				5B8E5BCC1F3DEFCD001A4222 /* PokemonCollectionViewFlowLayout.swift */,
			);
			path = CollectionView;
			sourceTree = "<group>";
		};
		5B7478921F39DC8300FC0C37 /* Network */ = {
			isa = PBXGroup;
			children = (
				5BECD8A51F34F9DD00018802 /* PokemonAPIService.swift */,
			);
			path = Network;
			sourceTree = "<group>";
		};
		5B7478931F39DCB100FC0C37 /* Model */ = {
			isa = PBXGroup;
			children = (
				5BECD8A11F34ADF000018802 /* Pokemon.swift */,
				5B2EED381F3A3F94008806BA /* Move.swift */,
				5BF68F281F3B864700FB136F /* Sprites.swift */,
				5B2EED321F3A3DD7008806BA /* Status.swift */,
				5B2EED351F3A3EF5008806BA /* Type.swift */,
				5B2EED2F1F3A3B42008806BA /* Ability.swift */,
				5BDEF9731F3B32E6009FB80E /* PokedexList.swift */,
				5BE4DCDE1F3B34EE007237E5 /* PokedexItem.swift */,
			);
			path = Model;
			sourceTree = "<group>";
		};
		5B7478941F39DCC800FC0C37 /* Pokemon */ = {
			isa = PBXGroup;
			children = (
				5BECD8AA1F3503FA00018802 /* PokemonContract.swift */,
				5BC2129A1F3216AF002D51B7 /* PokemonViewController.swift */,
				5BECD8AE1F38CDFB00018802 /* PokemonPresenter.swift */,
				5BECD8B11F38CE7D00018802 /* PokemonInteractor.swift */,
				5BECD8B41F38CE9A00018802 /* PokemonRouter.swift */,
				5B67C0C01F3E280B003C9DBC /* CollectionView */,
			);
			path = Pokemon;
			sourceTree = "<group>";
		};
		5B7478971F39DEA300FC0C37 /* PokemonDetail */ = {
			isa = PBXGroup;
			children = (
				5BECD8BE1F38D17200018802 /* PokemonDetailContract.swift */,
				5BECD8B81F38CF4700018802 /* PokemonDetailViewController.swift */,
				5BECD8BB1F38D14C00018802 /* PokemonDetailPresenter.swift */,
				5BECD8C11F38D18200018802 /* PokemonDetailInteractor.swift */,
				5BECD8C41F38D19700018802 /* PokemonDetailRouter.swift */,
			);
			path = PokemonDetail;
			sourceTree = "<group>";
		};
		5B7478981F39DED900FC0C37 /* Support Files */ = {
			isa = PBXGroup;
			children = (
				5BF68F301F3B9AD600FB136F /* Resources */,
				5BC212DC1F321D7F002D51B7 /* Pokedex-Production-Info.plist */,
				5BC212DA1F321D76002D51B7 /* Pokedex-Developer-Info.plist */,
			);
			path = "Support Files";
			sourceTree = "<group>";
		};
		5B8E5BD11F3E2438001A4222 /* Util */ = {
			isa = PBXGroup;
			children = (
				5B8E5BC91F3DCA7A001A4222 /* UIImageView+LoadImage.swift */,
			);
			path = Util;
			sourceTree = "<group>";
		};
		5B8E5BD21F3E273C001A4222 /* UI */ = {
			isa = PBXGroup;
			children = (
				5B7478941F39DCC800FC0C37 /* Pokemon */,
				5B7478971F39DEA300FC0C37 /* PokemonDetail */,
				5B8E5BD31F3E2766001A4222 /* View */,
			);
			path = UI;
			sourceTree = "<group>";
		};
		5B8E5BD31F3E2766001A4222 /* View */ = {
			isa = PBXGroup;
			children = (
				5B857A781F3B559A006748A5 /* EmptyScreen.xib */,
			);
			path = View;
			sourceTree = "<group>";
		};
		5BC2128C1F3216AF002D51B7 = {
			isa = PBXGroup;
			children = (
				5BC212971F3216AF002D51B7 /* Pokedex */,
				5BC212AC1F3216AF002D51B7 /* PokedexTests */,
				5BC212B71F3216AF002D51B7 /* PokedexUITests */,
				5BC212961F3216AF002D51B7 /* Products */,
				078FCF6A2C4117EC37779E66 /* Pods */,
				ABB0EA5E0DEBE94C3CC1295E /* Frameworks */,
			);
			sourceTree = "<group>";
		};
		5BC212961F3216AF002D51B7 /* Products */ = {
			isa = PBXGroup;
			children = (
				5BC212951F3216AF002D51B7 /* Pokedex Production.app */,
				5BC212A91F3216AF002D51B7 /* PokedexTests.xctest */,
				5BC212B41F3216AF002D51B7 /* PokedexUITests.xctest */,
				5BC212D21F3216CF002D51B7 /* Pokedex Developer.app */,
			);
			name = Products;
			sourceTree = "<group>";
		};
		5BC212971F3216AF002D51B7 /* Pokedex */ = {
			isa = PBXGroup;
			children = (
				5BC212981F3216AF002D51B7 /* AppDelegate.swift */,
				5B7478921F39DC8300FC0C37 /* Network */,
				5B7478931F39DCB100FC0C37 /* Model */,
				5B8E5BD21F3E273C001A4222 /* UI */,
				5B8E5BD11F3E2438001A4222 /* Util */,
				5BF68F2C1F3B8E7A00FB136F /* Storyboards */,
				5B7478981F39DED900FC0C37 /* Support Files */,
			);
			path = Pokedex;
			sourceTree = "<group>";
		};
		5BC212AC1F3216AF002D51B7 /* PokedexTests */ = {
			isa = PBXGroup;
			children = (
				5BC212AD1F3216AF002D51B7 /* PokedexTests.swift */,
				5BC212AF1F3216AF002D51B7 /* Info.plist */,
			);
			path = PokedexTests;
			sourceTree = "<group>";
		};
		5BC212B71F3216AF002D51B7 /* PokedexUITests */ = {
			isa = PBXGroup;
			children = (
				5BC212B81F3216AF002D51B7 /* PokedexUITests.swift */,
				5BC212BA1F3216AF002D51B7 /* Info.plist */,
			);
			path = PokedexUITests;
			sourceTree = "<group>";
		};
		5BF68F2C1F3B8E7A00FB136F /* Storyboards */ = {
			isa = PBXGroup;
			children = (
				5BC212A11F3216AF002D51B7 /* LaunchScreen.storyboard */,
				5BC2129C1F3216AF002D51B7 /* Pokemon.storyboard */,
			);
			path = Storyboards;
			sourceTree = "<group>";
		};
		5BF68F2D1F3B921300FB136F /* Fonts */ = {
			isa = PBXGroup;
			children = (
				5BF68F2F1F3B922500FB136F /* pokemon.ttf */,
			);
			path = Fonts;
			sourceTree = "<group>";
		};
		5BF68F301F3B9AD600FB136F /* Resources */ = {
			isa = PBXGroup;
			children = (
				5BF68F2D1F3B921300FB136F /* Fonts */,
				5B75726D1F3B9F8700C2661F /* Assets.xcassets */,
			);
			path = Resources;
			sourceTree = "<group>";
		};
		ABB0EA5E0DEBE94C3CC1295E /* Frameworks */ = {
			isa = PBXGroup;
			children = (
				5B75BDD81F39F9D400B22466 /* Alamofire.framework */,
				3AA7EBB5D65A564A302815E6 /* Pods_Pokedex_Developer.framework */,
				BF5D75F8CF2C6A56EDE2F120 /* Pods_Pokedex_Production.framework */,
			);
			name = Frameworks;
			sourceTree = "<group>";
		};
/* End PBXGroup section */

/* Begin PBXNativeTarget section */
		5BC212941F3216AF002D51B7 /* Pokedex Production */ = {
			isa = PBXNativeTarget;
			buildConfigurationList = 5BC212BD1F3216AF002D51B7 /* Build configuration list for PBXNativeTarget "Pokedex Production" */;
			buildPhases = (
				DB23C28B54A995AE422950EF /* [CP] Check Pods Manifest.lock */,
				5BC212911F3216AF002D51B7 /* Sources */,
				5BC212921F3216AF002D51B7 /* Frameworks */,
				5BC212931F3216AF002D51B7 /* Resources */,
				EC006BCD1D338DA315F48E92 /* [CP] Embed Pods Frameworks */,
				4514158EF291A7D198A018F7 /* [CP] Copy Pods Resources */,
			);
			buildRules = (
			);
			dependencies = (
			);
			name = "Pokedex Production";
			productName = Pokedex;
			productReference = 5BC212951F3216AF002D51B7 /* Pokedex Production.app */;
			productType = "com.apple.product-type.application";
		};
		5BC212A81F3216AF002D51B7 /* PokedexTests */ = {
			isa = PBXNativeTarget;
			buildConfigurationList = 5BC212C01F3216AF002D51B7 /* Build configuration list for PBXNativeTarget "PokedexTests" */;
			buildPhases = (
				5BC212A51F3216AF002D51B7 /* Sources */,
				5BC212A61F3216AF002D51B7 /* Frameworks */,
				5BC212A71F3216AF002D51B7 /* Resources */,
			);
			buildRules = (
			);
			dependencies = (
				5BC212AB1F3216AF002D51B7 /* PBXTargetDependency */,
			);
			name = PokedexTests;
			productName = PokedexTests;
			productReference = 5BC212A91F3216AF002D51B7 /* PokedexTests.xctest */;
			productType = "com.apple.product-type.bundle.unit-test";
		};
		5BC212B31F3216AF002D51B7 /* PokedexUITests */ = {
			isa = PBXNativeTarget;
			buildConfigurationList = 5BC212C31F3216AF002D51B7 /* Build configuration list for PBXNativeTarget "PokedexUITests" */;
			buildPhases = (
				5BC212B01F3216AF002D51B7 /* Sources */,
				5BC212B11F3216AF002D51B7 /* Frameworks */,
				5BC212B21F3216AF002D51B7 /* Resources */,
			);
			buildRules = (
			);
			dependencies = (
				5BC212B61F3216AF002D51B7 /* PBXTargetDependency */,
			);
			name = PokedexUITests;
			productName = PokedexUITests;
			productReference = 5BC212B41F3216AF002D51B7 /* PokedexUITests.xctest */;
			productType = "com.apple.product-type.bundle.ui-testing";
		};
		5BC212C61F3216CF002D51B7 /* Pokedex Developer */ = {
			isa = PBXNativeTarget;
			buildConfigurationList = 5BC212CF1F3216CF002D51B7 /* Build configuration list for PBXNativeTarget "Pokedex Developer" */;
			buildPhases = (
				3B6031BCD33B98EBE0894C48 /* [CP] Check Pods Manifest.lock */,
				5BC212C71F3216CF002D51B7 /* Sources */,
				5BC212CA1F3216CF002D51B7 /* Frameworks */,
				5BC212CB1F3216CF002D51B7 /* Resources */,
				F46FDDE3E050B4DE363502C1 /* [CP] Embed Pods Frameworks */,
				E7738DE826E3525305FFFD92 /* [CP] Copy Pods Resources */,
			);
			buildRules = (
			);
			dependencies = (
			);
			name = "Pokedex Developer";
			productName = Pokedex;
			productReference = 5BC212D21F3216CF002D51B7 /* Pokedex Developer.app */;
			productType = "com.apple.product-type.application";
		};
/* End PBXNativeTarget section */

/* Begin PBXProject section */
		5BC2128D1F3216AF002D51B7 /* Project object */ = {
			isa = PBXProject;
			attributes = {
				LastSwiftUpdateCheck = 0830;
				LastUpgradeCheck = 0830;
				ORGANIZATIONNAME = "Luiz Fernando Salvaterra";
				TargetAttributes = {
					5BC212941F3216AF002D51B7 = {
						CreatedOnToolsVersion = 8.3.3;
						ProvisioningStyle = Automatic;
					};
					5BC212A81F3216AF002D51B7 = {
						CreatedOnToolsVersion = 8.3.3;
						ProvisioningStyle = Automatic;
						TestTargetID = 5BC212941F3216AF002D51B7;
					};
					5BC212B31F3216AF002D51B7 = {
						CreatedOnToolsVersion = 8.3.3;
						ProvisioningStyle = Automatic;
						TestTargetID = 5BC212941F3216AF002D51B7;
					};
				};
			};
			buildConfigurationList = 5BC212901F3216AF002D51B7 /* Build configuration list for PBXProject "Pokedex" */;
			compatibilityVersion = "Xcode 3.2";
			developmentRegion = English;
			hasScannedForEncodings = 0;
			knownRegions = (
				en,
				Base,
			);
			mainGroup = 5BC2128C1F3216AF002D51B7;
			productRefGroup = 5BC212961F3216AF002D51B7 /* Products */;
			projectDirPath = "";
			projectRoot = "";
			targets = (
				5BC212941F3216AF002D51B7 /* Pokedex Production */,
				5BC212C61F3216CF002D51B7 /* Pokedex Developer */,
				5BC212A81F3216AF002D51B7 /* PokedexTests */,
				5BC212B31F3216AF002D51B7 /* PokedexUITests */,
			);
		};
/* End PBXProject section */

/* Begin PBXResourcesBuildPhase section */
		5BC212931F3216AF002D51B7 /* Resources */ = {
			isa = PBXResourcesBuildPhase;
			buildActionMask = 2147483647;
			files = (
				5BC637BC1F3C89F300D565CC /* pokemon.ttf in Resources */,
				5BC212A31F3216AF002D51B7 /* LaunchScreen.storyboard in Resources */,
				5BC2129E1F3216AF002D51B7 /* Pokemon.storyboard in Resources */,
				5B857A791F3B559A006748A5 /* EmptyScreen.xib in Resources */,
				5BC637BE1F3C89F700D565CC /* Assets.xcassets in Resources */,
			);
			runOnlyForDeploymentPostprocessing = 0;
		};
		5BC212A71F3216AF002D51B7 /* Resources */ = {
			isa = PBXResourcesBuildPhase;
			buildActionMask = 2147483647;
			files = (
			);
			runOnlyForDeploymentPostprocessing = 0;
		};
		5BC212B21F3216AF002D51B7 /* Resources */ = {
			isa = PBXResourcesBuildPhase;
			buildActionMask = 2147483647;
			files = (
			);
			runOnlyForDeploymentPostprocessing = 0;
		};
		5BC212CB1F3216CF002D51B7 /* Resources */ = {
			isa = PBXResourcesBuildPhase;
			buildActionMask = 2147483647;
			files = (
				5BC637BD1F3C89F400D565CC /* pokemon.ttf in Resources */,
				5BC212CC1F3216CF002D51B7 /* LaunchScreen.storyboard in Resources */,
				5BC212CE1F3216CF002D51B7 /* Pokemon.storyboard in Resources */,
				5B857A7A1F3B559A006748A5 /* EmptyScreen.xib in Resources */,
				5BC637BF1F3C89F700D565CC /* Assets.xcassets in Resources */,
			);
			runOnlyForDeploymentPostprocessing = 0;
		};
/* End PBXResourcesBuildPhase section */

/* Begin PBXShellScriptBuildPhase section */
		3B6031BCD33B98EBE0894C48 /* [CP] Check Pods Manifest.lock */ = {
			isa = PBXShellScriptBuildPhase;
			buildActionMask = 2147483647;
			files = (
			);
			inputPaths = (
			);
			name = "[CP] Check Pods Manifest.lock";
			outputPaths = (
			);
			runOnlyForDeploymentPostprocessing = 0;
			shellPath = /bin/sh;
			shellScript = "diff \"${PODS_PODFILE_DIR_PATH}/Podfile.lock\" \"${PODS_ROOT}/Manifest.lock\" > /dev/null\nif [ $? != 0 ] ; then\n    # print error to STDERR\n    echo \"error: The sandbox is not in sync with the Podfile.lock. Run 'pod install' or update your CocoaPods installation.\" >&2\n    exit 1\nfi\n";
			showEnvVarsInLog = 0;
		};
		4514158EF291A7D198A018F7 /* [CP] Copy Pods Resources */ = {
			isa = PBXShellScriptBuildPhase;
			buildActionMask = 2147483647;
			files = (
			);
			inputPaths = (
			);
			name = "[CP] Copy Pods Resources";
			outputPaths = (
			);
			runOnlyForDeploymentPostprocessing = 0;
			shellPath = /bin/sh;
			shellScript = "\"${SRCROOT}/Pods/Target Support Files/Pods-Pokedex Production/Pods-Pokedex Production-resources.sh\"\n";
			showEnvVarsInLog = 0;
		};
		DB23C28B54A995AE422950EF /* [CP] Check Pods Manifest.lock */ = {
			isa = PBXShellScriptBuildPhase;
			buildActionMask = 2147483647;
			files = (
			);
			inputPaths = (
			);
			name = "[CP] Check Pods Manifest.lock";
			outputPaths = (
			);
			runOnlyForDeploymentPostprocessing = 0;
			shellPath = /bin/sh;
			shellScript = "diff \"${PODS_PODFILE_DIR_PATH}/Podfile.lock\" \"${PODS_ROOT}/Manifest.lock\" > /dev/null\nif [ $? != 0 ] ; then\n    # print error to STDERR\n    echo \"error: The sandbox is not in sync with the Podfile.lock. Run 'pod install' or update your CocoaPods installation.\" >&2\n    exit 1\nfi\n";
			showEnvVarsInLog = 0;
		};
		E7738DE826E3525305FFFD92 /* [CP] Copy Pods Resources */ = {
			isa = PBXShellScriptBuildPhase;
			buildActionMask = 2147483647;
			files = (
			);
			inputPaths = (
			);
			name = "[CP] Copy Pods Resources";
			outputPaths = (
			);
			runOnlyForDeploymentPostprocessing = 0;
			shellPath = /bin/sh;
			shellScript = "\"${SRCROOT}/Pods/Target Support Files/Pods-Pokedex Developer/Pods-Pokedex Developer-resources.sh\"\n";
			showEnvVarsInLog = 0;
		};
		EC006BCD1D338DA315F48E92 /* [CP] Embed Pods Frameworks */ = {
			isa = PBXShellScriptBuildPhase;
			buildActionMask = 2147483647;
			files = (
			);
			inputPaths = (
			);
			name = "[CP] Embed Pods Frameworks";
			outputPaths = (
			);
			runOnlyForDeploymentPostprocessing = 0;
			shellPath = /bin/sh;
			shellScript = "\"${SRCROOT}/Pods/Target Support Files/Pods-Pokedex Production/Pods-Pokedex Production-frameworks.sh\"\n";
			showEnvVarsInLog = 0;
		};
		F46FDDE3E050B4DE363502C1 /* [CP] Embed Pods Frameworks */ = {
			isa = PBXShellScriptBuildPhase;
			buildActionMask = 2147483647;
			files = (
			);
			inputPaths = (
			);
			name = "[CP] Embed Pods Frameworks";
			outputPaths = (
			);
			runOnlyForDeploymentPostprocessing = 0;
			shellPath = /bin/sh;
			shellScript = "\"${SRCROOT}/Pods/Target Support Files/Pods-Pokedex Developer/Pods-Pokedex Developer-frameworks.sh\"\n";
			showEnvVarsInLog = 0;
		};
/* End PBXShellScriptBuildPhase section */

/* Begin PBXSourcesBuildPhase section */
		5BC212911F3216AF002D51B7 /* Sources */ = {
			isa = PBXSourcesBuildPhase;
			buildActionMask = 2147483647;
			files = (
				5B2EED391F3A3F94008806BA /* Move.swift in Sources */,
				5BECD8B21F38CE7D00018802 /* PokemonInteractor.swift in Sources */,
				5BF68F291F3B864700FB136F /* Sprites.swift in Sources */,
				5BDEF9741F3B32E6009FB80E /* PokedexList.swift in Sources */,
				5BECD8BC1F38D14C00018802 /* PokemonDetailPresenter.swift in Sources */,
				5BE4DCDF1F3B34EE007237E5 /* PokedexItem.swift in Sources */,
				5BECD8A61F34F9DD00018802 /* PokemonAPIService.swift in Sources */,
				5BC2129B1F3216AF002D51B7 /* PokemonViewController.swift in Sources */,
				5BECD8BF1F38D17200018802 /* PokemonDetailContract.swift in Sources */,
				5BECD8C51F38D19700018802 /* PokemonDetailRouter.swift in Sources */,
				5B8E5BCA1F3DCA7A001A4222 /* UIImageView+LoadImage.swift in Sources */,
				5B8E5BC71F3CE6F4001A4222 /* PokemonCollectionViewCell.swift in Sources */,
				5BECD8AF1F38CDFB00018802 /* PokemonPresenter.swift in Sources */,
				5B2EED361F3A3EF5008806BA /* Type.swift in Sources */,
				5BECD8B51F38CE9A00018802 /* PokemonRouter.swift in Sources */,
				5B8E5BCD1F3DEFCD001A4222 /* PokemonCollectionViewFlowLayout.swift in Sources */,
				5BECD8A21F34ADF000018802 /* Pokemon.swift in Sources */,
				5BC212991F3216AF002D51B7 /* AppDelegate.swift in Sources */,
				5B2EED301F3A3B42008806BA /* Ability.swift in Sources */,
				5B2EED331F3A3DD7008806BA /* Status.swift in Sources */,
				5BECD8AB1F3503FA00018802 /* PokemonContract.swift in Sources */,
				5BECD8B91F38CF4700018802 /* PokemonDetailViewController.swift in Sources */,
				5BECD8C21F38D18200018802 /* PokemonDetailInteractor.swift in Sources */,
			);
			runOnlyForDeploymentPostprocessing = 0;
		};
		5BC212A51F3216AF002D51B7 /* Sources */ = {
			isa = PBXSourcesBuildPhase;
			buildActionMask = 2147483647;
			files = (
				5BC212AE1F3216AF002D51B7 /* PokedexTests.swift in Sources */,
			);
			runOnlyForDeploymentPostprocessing = 0;
		};
		5BC212B01F3216AF002D51B7 /* Sources */ = {
			isa = PBXSourcesBuildPhase;
			buildActionMask = 2147483647;
			files = (
				5BC212B91F3216AF002D51B7 /* PokedexUITests.swift in Sources */,
			);
			runOnlyForDeploymentPostprocessing = 0;
		};
		5BC212C71F3216CF002D51B7 /* Sources */ = {
			isa = PBXSourcesBuildPhase;
			buildActionMask = 2147483647;
			files = (
				5B2EED3A1F3A3F94008806BA /* Move.swift in Sources */,
				5BE4DCE11F3B34F0007237E5 /* PokedexList.swift in Sources */,
				5BF68F2A1F3B864900FB136F /* Sprites.swift in Sources */,
				5BECD8B31F38CE7D00018802 /* PokemonInteractor.swift in Sources */,
				5BECD8BD1F38D14C00018802 /* PokemonDetailPresenter.swift in Sources */,
				5BECD8A71F34F9DD00018802 /* PokemonAPIService.swift in Sources */,
				5BC212C81F3216CF002D51B7 /* PokemonViewController.swift in Sources */,
				5BECD8C01F38D17200018802 /* PokemonDetailContract.swift in Sources */,
				5BECD8C61F38D19700018802 /* PokemonDetailRouter.swift in Sources */,
				5BECD8B01F38CDFB00018802 /* PokemonPresenter.swift in Sources */,
				5B8E5BCB1F3DCA7A001A4222 /* UIImageView+LoadImage.swift in Sources */,
				5B8E5BC81F3CE6F4001A4222 /* PokemonCollectionViewCell.swift in Sources */,
				5B2EED371F3A3EF5008806BA /* Type.swift in Sources */,
				5BECD8B61F38CE9A00018802 /* PokemonRouter.swift in Sources */,
				5BECD8A31F34ADF000018802 /* Pokemon.swift in Sources */,
				5B8E5BCE1F3DEFCD001A4222 /* PokemonCollectionViewFlowLayout.swift in Sources */,
				5BC212C91F3216CF002D51B7 /* AppDelegate.swift in Sources */,
				5B2EED311F3A3D0C008806BA /* Ability.swift in Sources */,
				5BE4DCE01F3B34EE007237E5 /* PokedexItem.swift in Sources */,
				5B2EED341F3A3DD7008806BA /* Status.swift in Sources */,
				5BECD8AD1F38B25700018802 /* PokemonContract.swift in Sources */,
				5BECD8BA1F38CF4700018802 /* PokemonDetailViewController.swift in Sources */,
				5BECD8C31F38D18200018802 /* PokemonDetailInteractor.swift in Sources */,
			);
			runOnlyForDeploymentPostprocessing = 0;
		};
/* End PBXSourcesBuildPhase section */

/* Begin PBXTargetDependency section */
		5BC212AB1F3216AF002D51B7 /* PBXTargetDependency */ = {
			isa = PBXTargetDependency;
			target = 5BC212941F3216AF002D51B7 /* Pokedex Production */;
			targetProxy = 5BC212AA1F3216AF002D51B7 /* PBXContainerItemProxy */;
		};
		5BC212B61F3216AF002D51B7 /* PBXTargetDependency */ = {
			isa = PBXTargetDependency;
			target = 5BC212941F3216AF002D51B7 /* Pokedex Production */;
			targetProxy = 5BC212B51F3216AF002D51B7 /* PBXContainerItemProxy */;
		};
/* End PBXTargetDependency section */

/* Begin PBXVariantGroup section */
		5BC2129C1F3216AF002D51B7 /* Pokemon.storyboard */ = {
			isa = PBXVariantGroup;
			children = (
				5BC2129D1F3216AF002D51B7 /* Base */,
			);
			name = Pokemon.storyboard;
			sourceTree = "<group>";
		};
		5BC212A11F3216AF002D51B7 /* LaunchScreen.storyboard */ = {
			isa = PBXVariantGroup;
			children = (
				5BC212A21F3216AF002D51B7 /* Base */,
			);
			name = LaunchScreen.storyboard;
			path = "../Support Files";
			sourceTree = "<group>";
		};
/* End PBXVariantGroup section */

/* Begin XCBuildConfiguration section */
		5BC212BB1F3216AF002D51B7 /* Debug */ = {
			isa = XCBuildConfiguration;
			buildSettings = {
				ALWAYS_SEARCH_USER_PATHS = NO;
				CLANG_ANALYZER_NONNULL = YES;
				CLANG_ANALYZER_NUMBER_OBJECT_CONVERSION = YES_AGGRESSIVE;
				CLANG_CXX_LANGUAGE_STANDARD = "gnu++0x";
				CLANG_CXX_LIBRARY = "libc++";
				CLANG_ENABLE_MODULES = YES;
				CLANG_ENABLE_OBJC_ARC = YES;
				CLANG_WARN_BOOL_CONVERSION = YES;
				CLANG_WARN_CONSTANT_CONVERSION = YES;
				CLANG_WARN_DIRECT_OBJC_ISA_USAGE = YES_ERROR;
				CLANG_WARN_DOCUMENTATION_COMMENTS = YES;
				CLANG_WARN_EMPTY_BODY = YES;
				CLANG_WARN_ENUM_CONVERSION = YES;
				CLANG_WARN_INFINITE_RECURSION = YES;
				CLANG_WARN_INT_CONVERSION = YES;
				CLANG_WARN_OBJC_ROOT_CLASS = YES_ERROR;
				CLANG_WARN_SUSPICIOUS_MOVE = YES;
				CLANG_WARN_UNREACHABLE_CODE = YES;
				CLANG_WARN__DUPLICATE_METHOD_MATCH = YES;
				"CODE_SIGN_IDENTITY[sdk=iphoneos*]" = "iPhone Developer";
				COPY_PHASE_STRIP = NO;
				DEBUG_INFORMATION_FORMAT = dwarf;
				ENABLE_STRICT_OBJC_MSGSEND = YES;
				ENABLE_TESTABILITY = YES;
				GCC_C_LANGUAGE_STANDARD = gnu99;
				GCC_DYNAMIC_NO_PIC = NO;
				GCC_NO_COMMON_BLOCKS = YES;
				GCC_OPTIMIZATION_LEVEL = 0;
				GCC_PREPROCESSOR_DEFINITIONS = (
					"DEBUG=1",
					"$(inherited)",
				);
				GCC_WARN_64_TO_32_BIT_CONVERSION = YES;
				GCC_WARN_ABOUT_RETURN_TYPE = YES_ERROR;
				GCC_WARN_UNDECLARED_SELECTOR = YES;
				GCC_WARN_UNINITIALIZED_AUTOS = YES_AGGRESSIVE;
				GCC_WARN_UNUSED_FUNCTION = YES;
				GCC_WARN_UNUSED_VARIABLE = YES;
				IPHONEOS_DEPLOYMENT_TARGET = 10.3;
				MTL_ENABLE_DEBUG_INFO = YES;
				ONLY_ACTIVE_ARCH = YES;
				SDKROOT = iphoneos;
				SWIFT_ACTIVE_COMPILATION_CONDITIONS = DEBUG;
				SWIFT_OPTIMIZATION_LEVEL = "-Onone";
				TARGETED_DEVICE_FAMILY = "1,2";
			};
			name = Debug;
		};
		5BC212BC1F3216AF002D51B7 /* Release */ = {
			isa = XCBuildConfiguration;
			buildSettings = {
				ALWAYS_SEARCH_USER_PATHS = NO;
				CLANG_ANALYZER_NONNULL = YES;
				CLANG_ANALYZER_NUMBER_OBJECT_CONVERSION = YES_AGGRESSIVE;
				CLANG_CXX_LANGUAGE_STANDARD = "gnu++0x";
				CLANG_CXX_LIBRARY = "libc++";
				CLANG_ENABLE_MODULES = YES;
				CLANG_ENABLE_OBJC_ARC = YES;
				CLANG_WARN_BOOL_CONVERSION = YES;
				CLANG_WARN_CONSTANT_CONVERSION = YES;
				CLANG_WARN_DIRECT_OBJC_ISA_USAGE = YES_ERROR;
				CLANG_WARN_DOCUMENTATION_COMMENTS = YES;
				CLANG_WARN_EMPTY_BODY = YES;
				CLANG_WARN_ENUM_CONVERSION = YES;
				CLANG_WARN_INFINITE_RECURSION = YES;
				CLANG_WARN_INT_CONVERSION = YES;
				CLANG_WARN_OBJC_ROOT_CLASS = YES_ERROR;
				CLANG_WARN_SUSPICIOUS_MOVE = YES;
				CLANG_WARN_UNREACHABLE_CODE = YES;
				CLANG_WARN__DUPLICATE_METHOD_MATCH = YES;
				"CODE_SIGN_IDENTITY[sdk=iphoneos*]" = "iPhone Developer";
				COPY_PHASE_STRIP = NO;
				DEBUG_INFORMATION_FORMAT = "dwarf-with-dsym";
				ENABLE_NS_ASSERTIONS = NO;
				ENABLE_STRICT_OBJC_MSGSEND = YES;
				GCC_C_LANGUAGE_STANDARD = gnu99;
				GCC_NO_COMMON_BLOCKS = YES;
				GCC_WARN_64_TO_32_BIT_CONVERSION = YES;
				GCC_WARN_ABOUT_RETURN_TYPE = YES_ERROR;
				GCC_WARN_UNDECLARED_SELECTOR = YES;
				GCC_WARN_UNINITIALIZED_AUTOS = YES_AGGRESSIVE;
				GCC_WARN_UNUSED_FUNCTION = YES;
				GCC_WARN_UNUSED_VARIABLE = YES;
				IPHONEOS_DEPLOYMENT_TARGET = 10.3;
				MTL_ENABLE_DEBUG_INFO = NO;
				SDKROOT = iphoneos;
				SWIFT_OPTIMIZATION_LEVEL = "-Owholemodule";
				TARGETED_DEVICE_FAMILY = "1,2";
				VALIDATE_PRODUCT = YES;
			};
			name = Release;
		};
		5BC212BE1F3216AF002D51B7 /* Debug */ = {
			isa = XCBuildConfiguration;
			baseConfigurationReference = 7088C086FC3019FC77574296 /* Pods-Pokedex Production.debug.xcconfig */;
			buildSettings = {
				ASSETCATALOG_COMPILER_APPICON_NAME = AppIcon;
				INFOPLIST_FILE = "Pokedex/Support Files/Pokedex-Production-Info.plist";
				LD_RUNPATH_SEARCH_PATHS = "$(inherited) @executable_path/Frameworks";
				PRODUCT_BUNDLE_IDENTIFIER = com.pokemon.Pokedex;
				PRODUCT_NAME = "$(TARGET_NAME)";
				SWIFT_VERSION = 3.0;
			};
			name = Debug;
		};
		5BC212BF1F3216AF002D51B7 /* Release */ = {
			isa = XCBuildConfiguration;
			baseConfigurationReference = 061F7D7FF7758A05478F2110 /* Pods-Pokedex Production.release.xcconfig */;
			buildSettings = {
				ASSETCATALOG_COMPILER_APPICON_NAME = AppIcon;
				INFOPLIST_FILE = "Pokedex/Support Files/Pokedex-Production-Info.plist";
				LD_RUNPATH_SEARCH_PATHS = "$(inherited) @executable_path/Frameworks";
				PRODUCT_BUNDLE_IDENTIFIER = com.pokemon.Pokedex;
				PRODUCT_NAME = "$(TARGET_NAME)";
				SWIFT_VERSION = 3.0;
			};
			name = Release;
		};
		5BC212C11F3216AF002D51B7 /* Debug */ = {
			isa = XCBuildConfiguration;
			buildSettings = {
				ALWAYS_EMBED_SWIFT_STANDARD_LIBRARIES = YES;
				BUNDLE_LOADER = "$(TEST_HOST)";
				INFOPLIST_FILE = PokedexTests/Info.plist;
				LD_RUNPATH_SEARCH_PATHS = "$(inherited) @executable_path/Frameworks @loader_path/Frameworks";
				PRODUCT_BUNDLE_IDENTIFIER = com.pokemon.PokedexTests;
				PRODUCT_NAME = "$(TARGET_NAME)";
				SWIFT_VERSION = 3.0;
				TEST_HOST = "$(BUILT_PRODUCTS_DIR)/Pokedex.app/Pokedex";
			};
			name = Debug;
		};
		5BC212C21F3216AF002D51B7 /* Release */ = {
			isa = XCBuildConfiguration;
			buildSettings = {
				ALWAYS_EMBED_SWIFT_STANDARD_LIBRARIES = YES;
				BUNDLE_LOADER = "$(TEST_HOST)";
				INFOPLIST_FILE = PokedexTests/Info.plist;
				LD_RUNPATH_SEARCH_PATHS = "$(inherited) @executable_path/Frameworks @loader_path/Frameworks";
				PRODUCT_BUNDLE_IDENTIFIER = com.pokemon.PokedexTests;
				PRODUCT_NAME = "$(TARGET_NAME)";
				SWIFT_VERSION = 3.0;
				TEST_HOST = "$(BUILT_PRODUCTS_DIR)/Pokedex.app/Pokedex";
			};
			name = Release;
		};
		5BC212C41F3216AF002D51B7 /* Debug */ = {
			isa = XCBuildConfiguration;
			buildSettings = {
				ALWAYS_EMBED_SWIFT_STANDARD_LIBRARIES = YES;
				INFOPLIST_FILE = PokedexUITests/Info.plist;
				LD_RUNPATH_SEARCH_PATHS = "$(inherited) @executable_path/Frameworks @loader_path/Frameworks";
				PRODUCT_BUNDLE_IDENTIFIER = com.pokemon.PokedexUITests;
				PRODUCT_NAME = "$(TARGET_NAME)";
				SWIFT_VERSION = 3.0;
				TEST_TARGET_NAME = Pokedex;
			};
			name = Debug;
		};
		5BC212C51F3216AF002D51B7 /* Release */ = {
			isa = XCBuildConfiguration;
			buildSettings = {
				ALWAYS_EMBED_SWIFT_STANDARD_LIBRARIES = YES;
				INFOPLIST_FILE = PokedexUITests/Info.plist;
				LD_RUNPATH_SEARCH_PATHS = "$(inherited) @executable_path/Frameworks @loader_path/Frameworks";
				PRODUCT_BUNDLE_IDENTIFIER = com.pokemon.PokedexUITests;
				PRODUCT_NAME = "$(TARGET_NAME)";
				SWIFT_VERSION = 3.0;
				TEST_TARGET_NAME = Pokedex;
			};
			name = Release;
		};
		5BC212D01F3216CF002D51B7 /* Debug */ = {
			isa = XCBuildConfiguration;
			baseConfigurationReference = 7FAD6DB8CFB610C3F99E3044 /* Pods-Pokedex Developer.debug.xcconfig */;
			buildSettings = {
				ASSETCATALOG_COMPILER_APPICON_NAME = AppIcon;
				INFOPLIST_FILE = "Pokedex/Support Files/Pokedex-Developer-Info.plist";
				LD_RUNPATH_SEARCH_PATHS = "$(inherited) @executable_path/Frameworks";
				PRODUCT_BUNDLE_IDENTIFIER = com.pokemon.Pokedex;
				PRODUCT_NAME = "$(TARGET_NAME)";
				SWIFT_VERSION = 3.0;
			};
			name = Debug;
		};
		5BC212D11F3216CF002D51B7 /* Release */ = {
			isa = XCBuildConfiguration;
			baseConfigurationReference = 162A33039BD36D58C823B475 /* Pods-Pokedex Developer.release.xcconfig */;
			buildSettings = {
				ASSETCATALOG_COMPILER_APPICON_NAME = AppIcon;
				INFOPLIST_FILE = "Pokedex/Support Files/Pokedex-Developer-Info.plist";
				LD_RUNPATH_SEARCH_PATHS = "$(inherited) @executable_path/Frameworks";
				PRODUCT_BUNDLE_IDENTIFIER = com.pokemon.Pokedex;
				PRODUCT_NAME = "$(TARGET_NAME)";
				SWIFT_VERSION = 3.0;
			};
			name = Release;
		};
/* End XCBuildConfiguration section */

/* Begin XCConfigurationList section */
		5BC212901F3216AF002D51B7 /* Build configuration list for PBXProject "Pokedex" */ = {
			isa = XCConfigurationList;
			buildConfigurations = (
				5BC212BB1F3216AF002D51B7 /* Debug */,
				5BC212BC1F3216AF002D51B7 /* Release */,
			);
			defaultConfigurationIsVisible = 0;
			defaultConfigurationName = Release;
		};
		5BC212BD1F3216AF002D51B7 /* Build configuration list for PBXNativeTarget "Pokedex Production" */ = {
			isa = XCConfigurationList;
			buildConfigurations = (
				5BC212BE1F3216AF002D51B7 /* Debug */,
				5BC212BF1F3216AF002D51B7 /* Release */,
			);
			defaultConfigurationIsVisible = 0;
			defaultConfigurationName = Release;
		};
		5BC212C01F3216AF002D51B7 /* Build configuration list for PBXNativeTarget "PokedexTests" */ = {
			isa = XCConfigurationList;
			buildConfigurations = (
				5BC212C11F3216AF002D51B7 /* Debug */,
				5BC212C21F3216AF002D51B7 /* Release */,
			);
			defaultConfigurationIsVisible = 0;
			defaultConfigurationName = Release;
		};
		5BC212C31F3216AF002D51B7 /* Build configuration list for PBXNativeTarget "PokedexUITests" */ = {
			isa = XCConfigurationList;
			buildConfigurations = (
				5BC212C41F3216AF002D51B7 /* Debug */,
				5BC212C51F3216AF002D51B7 /* Release */,
			);
			defaultConfigurationIsVisible = 0;
			defaultConfigurationName = Release;
		};
		5BC212CF1F3216CF002D51B7 /* Build configuration list for PBXNativeTarget "Pokedex Developer" */ = {
			isa = XCConfigurationList;
			buildConfigurations = (
				5BC212D01F3216CF002D51B7 /* Debug */,
				5BC212D11F3216CF002D51B7 /* Release */,
			);
			defaultConfigurationIsVisible = 0;
			defaultConfigurationName = Release;
		};
/* End XCConfigurationList section */
	};
	rootObject = 5BC2128D1F3216AF002D51B7 /* Project object */;
}
